
Microsoft Visual Studio Solution File, Format Version 12.00
# Visual Studio Version 16
VisualStudioVersion = 16.0.29318.209
MinimumVisualStudioVersion = 10.0.40219.1
Project("{9A19103F-16F7-4668-BE54-9A1E7A4F7556}") = "AutoGuru.KeyValuePush", "src\KeyValuePush\AutoGuru.KeyValuePush.csproj", "{93798B54-012B-4DDD-BD14-FCB4CC61D720}"
EndProject
Project("{2150E333-8FDC-42A3-9474-1A3956D46DE8}") = ".Repo Items", ".Repo Items", "{C80FEF4D-CE1E-449E-8879-497029445C6A}"
	ProjectSection(SolutionItems) = preProject
		.editorconfig = .editorconfig
		.gitignore = .gitignore
		Directory.Build.props = Directory.Build.props
		README.md = README.md
	EndProjectSection
EndProject
Project("{9A19103F-16F7-4668-BE54-9A1E7A4F7556}") = "AutoGuru.KeyValuePush.Redis", "src\KeyValuePush.Redis\AutoGuru.KeyValuePush.Redis.csproj", "{379E9996-CE05-44CD-B255-5C88B1CE1BED}"
EndProject
Project("{2150E333-8FDC-42A3-9474-1A3956D46DE8}") = "src", "src", "{6598E4B4-D7D3-4633-9E2F-5C470917258D}"
EndProject
Project("{FAE04EC0-301F-11D3-BF4B-00C04F79EFBC}") = "KeyValuePush.Tests", "src\KeyValuePush.Tests\KeyValuePush.Tests.csproj", "{14E2DBAE-46BF-4109-8F87-5894B0C7E07E}"
EndProject
Global
	GlobalSection(SolutionConfigurationPlatforms) = preSolution
		Debug|Any CPU = Debug|Any CPU
		Release|Any CPU = Release|Any CPU
	EndGlobalSection
	GlobalSection(ProjectConfigurationPlatforms) = postSolution
		{93798B54-012B-4DDD-BD14-FCB4CC61D720}.Debug|Any CPU.ActiveCfg = Debug|Any CPU
		{93798B54-012B-4DDD-BD14-FCB4CC61D720}.Debug|Any CPU.Build.0 = Debug|Any CPU
		{93798B54-012B-4DDD-BD14-FCB4CC61D720}.Release|Any CPU.ActiveCfg = Release|Any CPU
		{93798B54-012B-4DDD-BD14-FCB4CC61D720}.Release|Any CPU.Build.0 = Release|Any CPU
		{379E9996-CE05-44CD-B255-5C88B1CE1BED}.Debug|Any CPU.ActiveCfg = Debug|Any CPU
		{379E9996-CE05-44CD-B255-5C88B1CE1BED}.Debug|Any CPU.Build.0 = Debug|Any CPU
		{379E9996-CE05-44CD-B255-5C88B1CE1BED}.Release|Any CPU.ActiveCfg = Release|Any CPU
		{379E9996-CE05-44CD-B255-5C88B1CE1BED}.Release|Any CPU.Build.0 = Release|Any CPU
		{14E2DBAE-46BF-4109-8F87-5894B0C7E07E}.Debug|Any CPU.ActiveCfg = Debug|Any CPU
		{14E2DBAE-46BF-4109-8F87-5894B0C7E07E}.Debug|Any CPU.Build.0 = Debug|Any CPU
		{14E2DBAE-46BF-4109-8F87-5894B0C7E07E}.Release|Any CPU.ActiveCfg = Release|Any CPU
		{14E2DBAE-46BF-4109-8F87-5894B0C7E07E}.Release|Any CPU.Build.0 = Release|Any CPU
	EndGlobalSection
	GlobalSection(SolutionProperties) = preSolution
		HideSolutionNode = FALSE
	EndGlobalSection
	GlobalSection(ExtensibilityGlobals) = postSolution
		SolutionGuid = {EE37C22E-E3CE-4E6B-8004-BB25FE05CB98}
	EndGlobalSection
	GlobalSection(NestedProjects) = preSolution
		{14E2DBAE-46BF-4109-8F87-5894B0C7E07E} = {6598E4B4-D7D3-4633-9E2F-5C470917258D}
	EndGlobalSection
EndGlobal
